
Microsoft Visual Studio Solution File, Format Version 12.00
# Visual Studio Version 17
VisualStudioVersion = 17.0.32112.339
MinimumVisualStudioVersion = 10.0.40219.1
Project("{FAE04EC0-301F-11D3-BF4B-00C04F79EFBC}") = "Console4.7", "Console4.7\Console4.7.csproj", "{2577158F-22DF-4B8D-AFE3-FD0F10C93E30}"
EndProject
Global
	GlobalSection(SolutionConfigurationPlatforms) = preSolution
		Debug|Any CPU = Debug|Any CPU
		Release|Any CPU = Release|Any CPU
	EndGlobalSection
	GlobalSection(ProjectConfigurationPlatforms) = postSolution
		{2577158F-22DF-4B8D-AFE3-FD0F10C93E30}.Debug|Any CPU.ActiveCfg = Debug|Any CPU
		{2577158F-22DF-4B8D-AFE3-FD0F10C93E30}.Debug|Any CPU.Build.0 = Debug|Any CPU
		{2577158F-22DF-4B8D-AFE3-FD0F10C93E30}.Release|Any CPU.ActiveCfg = Release|Any CPU
		{2577158F-22DF-4B8D-AFE3-FD0F10C93E30}.Release|Any CPU.Build.0 = Release|Any CPU
	EndGlobalSection
	GlobalSection(SolutionProperties) = preSolution
		HideSolutionNode = FALSE
	EndGlobalSection
	GlobalSection(ExtensibilityGlobals) = postSolution
		SolutionGuid = {1AB71354-EB04-4A4E-8682-2D0F0BFA7DE2}
	EndGlobalSection
EndGlobal
