
Microsoft Visual Studio Solution File, Format Version 12.00
# Visual Studio Version 17
VisualStudioVersion = 17.0.32126.317
MinimumVisualStudioVersion = 10.0.40219.1
Project("{2150E333-8FDC-42A3-9474-1A3956D46DE8}") = "Services", "Services", "{707F594B-8E7F-4005-9AEC-C7F335E32D3A}"
EndProject
Project("{2150E333-8FDC-42A3-9474-1A3956D46DE8}") = "Catalog", "Catalog", "{123EA7C7-A942-4793-B29F-47704D8CF12A}"
EndProject
Project("{9A19103F-16F7-4668-BE54-9A1E7A4F7556}") = "Catalog.API", "Services\Catalog\Catalog.API\Catalog.API.csproj", "{E15A4F4D-5E5A-4DBE-AFC3-7910F81CF71C}"
EndProject
Project("{E53339B2-1760-4266-BCC7-CA923CBCF16C}") = "docker-compose", "docker-compose.dcproj", "{5476F924-C62D-4352-ACCF-F6E68C0F901A}"
EndProject
Project("{2150E333-8FDC-42A3-9474-1A3956D46DE8}") = "Basket", "Basket", "{ED89F445-012E-4BE0-8FF3-CE0F50F1FC5E}"
EndProject
Project("{2150E333-8FDC-42A3-9474-1A3956D46DE8}") = "Discount", "Discount", "{9569C3B5-F9D6-4059-878F-DDE87FD2F01E}"
EndProject
Project("{9A19103F-16F7-4668-BE54-9A1E7A4F7556}") = "Basket.API", "Services\Basket\Basket.API\Basket.API.csproj", "{4085296D-E952-4737-B158-9D68B2383AD6}"
EndProject
Project("{9A19103F-16F7-4668-BE54-9A1E7A4F7556}") = "Discount.API", "Services\Discount\Discount.API\Discount.API.csproj", "{93590862-2E1A-411F-ADC4-B0481533365B}"
EndProject
Project("{2150E333-8FDC-42A3-9474-1A3956D46DE8}") = "GRPC", "GRPC", "{4EB64A85-CC07-4838-8FCB-A1965DECE62B}"
EndProject
Project("{9A19103F-16F7-4668-BE54-9A1E7A4F7556}") = "Discount.GRPC", "Services\Discount\GRPC\Discount.GRPC\Discount.GRPC.csproj", "{BC431DF7-43C8-43F8-A55B-2D5244D66E14}"
EndProject
Project("{2150E333-8FDC-42A3-9474-1A3956D46DE8}") = "Ordering", "Ordering", "{D4961D49-320E-4542-99B4-87B3EEABC2F2}"
EndProject
Project("{9A19103F-16F7-4668-BE54-9A1E7A4F7556}") = "Ordering.API", "Services\Ordering\Ordering.API\Ordering.API.csproj", "{A517CDF8-983C-4DB6-B04C-2E61B3B68D0C}"
EndProject
Project("{9A19103F-16F7-4668-BE54-9A1E7A4F7556}") = "Ordering.Application", "Services\Ordering\Ordering.Application\Ordering.Application.csproj", "{57B3ADC7-F60C-4D55-B86F-1A358B5BD07C}"
EndProject
Project("{9A19103F-16F7-4668-BE54-9A1E7A4F7556}") = "Ordering.Infrastructure", "Services\Ordering\Ordering.Infrastructure\Ordering.Infrastructure.csproj", "{CDD27EF3-4C04-4816-BFB1-9768A4AB43B4}"
EndProject
Project("{FAE04EC0-301F-11D3-BF4B-00C04F79EFBC}") = "Ordering.Domain", "Services\Ordering\Ordering.Domain\Ordering.Domain.csproj", "{51A23BFD-F5BE-4CDC-8EA5-23DCAD3594B4}"
EndProject
Global
	GlobalSection(SolutionConfigurationPlatforms) = preSolution
		Debug|Any CPU = Debug|Any CPU
		Release|Any CPU = Release|Any CPU
	EndGlobalSection
	GlobalSection(ProjectConfigurationPlatforms) = postSolution
		{E15A4F4D-5E5A-4DBE-AFC3-7910F81CF71C}.Debug|Any CPU.ActiveCfg = Debug|Any CPU
		{E15A4F4D-5E5A-4DBE-AFC3-7910F81CF71C}.Debug|Any CPU.Build.0 = Debug|Any CPU
		{E15A4F4D-5E5A-4DBE-AFC3-7910F81CF71C}.Release|Any CPU.ActiveCfg = Release|Any CPU
		{E15A4F4D-5E5A-4DBE-AFC3-7910F81CF71C}.Release|Any CPU.Build.0 = Release|Any CPU
		{5476F924-C62D-4352-ACCF-F6E68C0F901A}.Debug|Any CPU.ActiveCfg = Debug|Any CPU
		{5476F924-C62D-4352-ACCF-F6E68C0F901A}.Debug|Any CPU.Build.0 = Debug|Any CPU
		{5476F924-C62D-4352-ACCF-F6E68C0F901A}.Release|Any CPU.ActiveCfg = Release|Any CPU
		{5476F924-C62D-4352-ACCF-F6E68C0F901A}.Release|Any CPU.Build.0 = Release|Any CPU
		{4085296D-E952-4737-B158-9D68B2383AD6}.Debug|Any CPU.ActiveCfg = Debug|Any CPU
		{4085296D-E952-4737-B158-9D68B2383AD6}.Debug|Any CPU.Build.0 = Debug|Any CPU
		{4085296D-E952-4737-B158-9D68B2383AD6}.Release|Any CPU.ActiveCfg = Release|Any CPU
		{4085296D-E952-4737-B158-9D68B2383AD6}.Release|Any CPU.Build.0 = Release|Any CPU
		{93590862-2E1A-411F-ADC4-B0481533365B}.Debug|Any CPU.ActiveCfg = Debug|Any CPU
		{93590862-2E1A-411F-ADC4-B0481533365B}.Debug|Any CPU.Build.0 = Debug|Any CPU
		{93590862-2E1A-411F-ADC4-B0481533365B}.Release|Any CPU.ActiveCfg = Release|Any CPU
		{93590862-2E1A-411F-ADC4-B0481533365B}.Release|Any CPU.Build.0 = Release|Any CPU
		{BC431DF7-43C8-43F8-A55B-2D5244D66E14}.Debug|Any CPU.ActiveCfg = Debug|Any CPU
		{BC431DF7-43C8-43F8-A55B-2D5244D66E14}.Debug|Any CPU.Build.0 = Debug|Any CPU
		{BC431DF7-43C8-43F8-A55B-2D5244D66E14}.Release|Any CPU.ActiveCfg = Release|Any CPU
		{BC431DF7-43C8-43F8-A55B-2D5244D66E14}.Release|Any CPU.Build.0 = Release|Any CPU
		{A517CDF8-983C-4DB6-B04C-2E61B3B68D0C}.Debug|Any CPU.ActiveCfg = Debug|Any CPU
		{A517CDF8-983C-4DB6-B04C-2E61B3B68D0C}.Debug|Any CPU.Build.0 = Debug|Any CPU
		{A517CDF8-983C-4DB6-B04C-2E61B3B68D0C}.Release|Any CPU.ActiveCfg = Release|Any CPU
		{A517CDF8-983C-4DB6-B04C-2E61B3B68D0C}.Release|Any CPU.Build.0 = Release|Any CPU
		{57B3ADC7-F60C-4D55-B86F-1A358B5BD07C}.Debug|Any CPU.ActiveCfg = Debug|Any CPU
		{57B3ADC7-F60C-4D55-B86F-1A358B5BD07C}.Debug|Any CPU.Build.0 = Debug|Any CPU
		{57B3ADC7-F60C-4D55-B86F-1A358B5BD07C}.Release|Any CPU.ActiveCfg = Release|Any CPU
		{57B3ADC7-F60C-4D55-B86F-1A358B5BD07C}.Release|Any CPU.Build.0 = Release|Any CPU
		{CDD27EF3-4C04-4816-BFB1-9768A4AB43B4}.Debug|Any CPU.ActiveCfg = Debug|Any CPU
		{CDD27EF3-4C04-4816-BFB1-9768A4AB43B4}.Debug|Any CPU.Build.0 = Debug|Any CPU
		{CDD27EF3-4C04-4816-BFB1-9768A4AB43B4}.Release|Any CPU.ActiveCfg = Release|Any CPU
		{CDD27EF3-4C04-4816-BFB1-9768A4AB43B4}.Release|Any CPU.Build.0 = Release|Any CPU
		{51A23BFD-F5BE-4CDC-8EA5-23DCAD3594B4}.Debug|Any CPU.ActiveCfg = Debug|Any CPU
		{51A23BFD-F5BE-4CDC-8EA5-23DCAD3594B4}.Debug|Any CPU.Build.0 = Debug|Any CPU
		{51A23BFD-F5BE-4CDC-8EA5-23DCAD3594B4}.Release|Any CPU.ActiveCfg = Release|Any CPU
		{51A23BFD-F5BE-4CDC-8EA5-23DCAD3594B4}.Release|Any CPU.Build.0 = Release|Any CPU
	EndGlobalSection
	GlobalSection(SolutionProperties) = preSolution
		HideSolutionNode = FALSE
	EndGlobalSection
	GlobalSection(NestedProjects) = preSolution
		{123EA7C7-A942-4793-B29F-47704D8CF12A} = {707F594B-8E7F-4005-9AEC-C7F335E32D3A}
		{E15A4F4D-5E5A-4DBE-AFC3-7910F81CF71C} = {123EA7C7-A942-4793-B29F-47704D8CF12A}
		{ED89F445-012E-4BE0-8FF3-CE0F50F1FC5E} = {707F594B-8E7F-4005-9AEC-C7F335E32D3A}
		{9569C3B5-F9D6-4059-878F-DDE87FD2F01E} = {707F594B-8E7F-4005-9AEC-C7F335E32D3A}
		{4085296D-E952-4737-B158-9D68B2383AD6} = {ED89F445-012E-4BE0-8FF3-CE0F50F1FC5E}
		{93590862-2E1A-411F-ADC4-B0481533365B} = {9569C3B5-F9D6-4059-878F-DDE87FD2F01E}
		{4EB64A85-CC07-4838-8FCB-A1965DECE62B} = {9569C3B5-F9D6-4059-878F-DDE87FD2F01E}
		{BC431DF7-43C8-43F8-A55B-2D5244D66E14} = {4EB64A85-CC07-4838-8FCB-A1965DECE62B}
		{D4961D49-320E-4542-99B4-87B3EEABC2F2} = {707F594B-8E7F-4005-9AEC-C7F335E32D3A}
		{A517CDF8-983C-4DB6-B04C-2E61B3B68D0C} = {D4961D49-320E-4542-99B4-87B3EEABC2F2}
		{57B3ADC7-F60C-4D55-B86F-1A358B5BD07C} = {D4961D49-320E-4542-99B4-87B3EEABC2F2}
		{CDD27EF3-4C04-4816-BFB1-9768A4AB43B4} = {D4961D49-320E-4542-99B4-87B3EEABC2F2}
		{51A23BFD-F5BE-4CDC-8EA5-23DCAD3594B4} = {D4961D49-320E-4542-99B4-87B3EEABC2F2}
	EndGlobalSection
	GlobalSection(ExtensibilityGlobals) = postSolution
		SolutionGuid = {86C90A07-272C-4EE9-922F-AAA9DAE28F4C}
	EndGlobalSection
EndGlobal
